
Microsoft Visual Studio Solution File, Format Version 12.00
# Visual Studio Version 17
VisualStudioVersion = 17.11.35208.52
MinimumVisualStudioVersion = 10.0.40219.1
Project("{888888A0-9F3D-457C-B088-3A5042F75D52}") = "FlaskVisualStudio", "FlaskVisualStudio.pyproj", "{36E9CC73-5FB9-4FD0-ACC0-7CD71AA9B325}"
EndProject
Global
	GlobalSection(SolutionConfigurationPlatforms) = preSolution
		Debug|Any CPU = Debug|Any CPU
		Release|Any CPU = Release|Any CPU
	EndGlobalSection
	GlobalSection(ProjectConfigurationPlatforms) = postSolution
		{36E9CC73-5FB9-4FD0-ACC0-7CD71AA9B325}.Debug|Any CPU.ActiveCfg = Debug|Any CPU
		{36E9CC73-5FB9-4FD0-ACC0-7CD71AA9B325}.Debug|Any CPU.Build.0 = Debug|Any CPU
		{36E9CC73-5FB9-4FD0-ACC0-7CD71AA9B325}.Release|Any CPU.ActiveCfg = Release|Any CPU
		{36E9CC73-5FB9-4FD0-ACC0-7CD71AA9B325}.Release|Any CPU.Build.0 = Release|Any CPU
	EndGlobalSection
	GlobalSection(SolutionProperties) = preSolution
		HideSolutionNode = FALSE
	EndGlobalSection
	GlobalSection(ExtensibilityGlobals) = postSolution
		SolutionGuid = {AE23D904-1AF8-46B7-B2F9-9F15EC1F0C9A}
	EndGlobalSection
EndGlobal
